
Microsoft Visual Studio Solution File, Format Version 12.00
# Visual Studio 15
VisualStudioVersion = 15.0.28010.2046
MinimumVisualStudioVersion = 10.0.40219.1
Project("{FAE04EC0-301F-11D3-BF4B-00C04F79EFBC}") = "Examples", "Examples\Examples.csproj", "{ACF0AD0E-A0F5-4099-980C-3E40452D50D0}"
EndProject
Project("{FAE04EC0-301F-11D3-BF4B-00C04F79EFBC}") = "FormExamples", "FormExamples\FormExamples.csproj", "{55A6CFFE-A431-40AE-9CEC-32CB27E206D9}"
EndProject
Global
	GlobalSection(SolutionConfigurationPlatforms) = preSolution
		Debug|Any CPU = Debug|Any CPU
		Release|Any CPU = Release|Any CPU
	EndGlobalSection
	GlobalSection(ProjectConfigurationPlatforms) = postSolution
		{ACF0AD0E-A0F5-4099-980C-3E40452D50D0}.Debug|Any CPU.ActiveCfg = Debug|Any CPU
		{ACF0AD0E-A0F5-4099-980C-3E40452D50D0}.Debug|Any CPU.Build.0 = Debug|Any CPU
		{ACF0AD0E-A0F5-4099-980C-3E40452D50D0}.Release|Any CPU.ActiveCfg = Release|Any CPU
		{ACF0AD0E-A0F5-4099-980C-3E40452D50D0}.Release|Any CPU.Build.0 = Release|Any CPU
		{55A6CFFE-A431-40AE-9CEC-32CB27E206D9}.Debug|Any CPU.ActiveCfg = Debug|Any CPU
		{55A6CFFE-A431-40AE-9CEC-32CB27E206D9}.Debug|Any CPU.Build.0 = Debug|Any CPU
		{55A6CFFE-A431-40AE-9CEC-32CB27E206D9}.Release|Any CPU.ActiveCfg = Release|Any CPU
		{55A6CFFE-A431-40AE-9CEC-32CB27E206D9}.Release|Any CPU.Build.0 = Release|Any CPU
	EndGlobalSection
	GlobalSection(SolutionProperties) = preSolution
		HideSolutionNode = FALSE
	EndGlobalSection
	GlobalSection(ExtensibilityGlobals) = postSolution
		SolutionGuid = {84A60F96-3F14-4084-8477-0E074155A799}
	EndGlobalSection
EndGlobal
